Microsoft Visual Studio Solution File, Format Version 12.00
# Visual Studio Version 17
VisualStudioVersion = 17.5.2.0
MinimumVisualStudioVersion = 10.0.40219.1
Project("{FAE04EC0-301F-11D3-BF4B-00C04F79EFBC}") = "KLTN_Team83", "KLTN_Team83.csproj", "{AA998A88-76DB-B79F-7563-DEDB585EA94B}"
EndProject
Global
	GlobalSection(SolutionConfigurationPlatforms) = preSolution
		Debug|Any CPU = Debug|Any CPU
		Release|Any CPU = Release|Any CPU
	EndGlobalSection
	GlobalSection(ProjectConfigurationPlatforms) = postSolution
		{AA998A88-76DB-B79F-7563-DEDB585EA94B}.Debug|Any CPU.ActiveCfg = Debug|Any CPU
		{AA998A88-76DB-B79F-7563-DEDB585EA94B}.Debug|Any CPU.Build.0 = Debug|Any CPU
		{AA998A88-76DB-B79F-7563-DEDB585EA94B}.Release|Any CPU.ActiveCfg = Release|Any CPU
		{AA998A88-76DB-B79F-7563-DEDB585EA94B}.Release|Any CPU.Build.0 = Release|Any CPU
	EndGlobalSection
	GlobalSection(SolutionProperties) = preSolution
		HideSolutionNode = FALSE
	EndGlobalSection
	GlobalSection(ExtensibilityGlobals) = postSolution
		SolutionGuid = {BD3635DD-A01A-4AEC-8518-C952E9C12C38}
	EndGlobalSection
EndGlobal
